// !$*UTF8*$!
{
	archiveVersion = 1;
	classes = {
	};
	objectVersion = 46;
	objects = {

/* Begin PBXBuildFile section */
		110036B81D20F68500200BCB /* main.m in Sources */ = {isa = PBXBuildFile; fileRef = 110036B71D20F68500200BCB /* main.m */; };
		110036BB1D20F68500200BCB /* AppDelegate.m in Sources */ = {isa = PBXBuildFile; fileRef = 110036BA1D20F68500200BCB /* AppDelegate.m */; };
		110036BE1D20F68500200BCB /* ViewController.m in Sources */ = {isa = PBXBuildFile; fileRef = 110036BD1D20F68500200BCB /* ViewController.m */; };
		110036C11D20F68500200BCB /* Main.storyboard in Resources */ = {isa = PBXBuildFile; fileRef = 110036BF1D20F68500200BCB /* Main.storyboard */; };
		110036C31D20F68500200BCB /* Assets.xcassets in Resources */ = {isa = PBXBuildFile; fileRef = 110036C21D20F68500200BCB /* Assets.xcassets */; };
		110036C61D20F68500200BCB /* LaunchScreen.storyboard in Resources */ = {isa = PBXBuildFile; fileRef = 110036C41D20F68500200BCB /* LaunchScreen.storyboard */; };
		110036D11D20F68500200BCB /* HJQVoiceDemoTests.m in Sources */ = {isa = PBXBuildFile; fileRef = 110036D01D20F68500200BCB /* HJQVoiceDemoTests.m */; };
		110036DC1D20F68500200BCB /* HJQVoiceDemoUITests.m in Sources */ = {isa = PBXBuildFile; fileRef = 110036DB1D20F68500200BCB /* HJQVoiceDemoUITests.m */; };
		110037401D20F75D00200BCB /* HJQInputAccessoryView.m in Sources */ = {isa = PBXBuildFile; fileRef = 110037211D20F75D00200BCB /* HJQInputAccessoryView.m */; };
		110037411D20F75D00200BCB /* HJQPulseView.m in Sources */ = {isa = PBXBuildFile; fileRef = 110037231D20F75D00200BCB /* HJQPulseView.m */; };
		110037421D20F75D00200BCB /* HToolVoice.m in Sources */ = {isa = PBXBuildFile; fileRef = 110037261D20F75D00200BCB /* HToolVoice.m */; };
		110037431D20F75D00200BCB /* IATConfig.m in Sources */ = {isa = PBXBuildFile; fileRef = 110037281D20F75D00200BCB /* IATConfig.m */; };
		110037441D20F75D00200BCB /* IATViewController.m in Sources */ = {isa = PBXBuildFile; fileRef = 1100372A1D20F75D00200BCB /* IATViewController.m */; };
		110037451D20F75D00200BCB /* IATViewController.xib in Resources */ = {isa = PBXBuildFile; fileRef = 1100372B1D20F75D00200BCB /* IATViewController.xib */; };
		110037461D20F75D00200BCB /* ISRDataHelper.m in Sources */ = {isa = PBXBuildFile; fileRef = 1100372D1D20F75D00200BCB /* ISRDataHelper.m */; };
		110037481D20F75D00200BCB /* PopupView.m in Sources */ = {isa = PBXBuildFile; fileRef = 110037321D20F75D00200BCB /* PopupView.m */; };
		110037491D20F75D00200BCB /* cancleButton2x.png in Resources */ = {isa = PBXBuildFile; fileRef = 110037341D20F75D00200BCB /* cancleButton2x.png */; };
		1100374A1D20F75D00200BCB /* cancleButton@3x.png in Resources */ = {isa = PBXBuildFile; fileRef = 110037351D20F75D00200BCB /* cancleButton@3x.png */; };
		1100374B1D20F75D00200BCB /* client@2x.png in Resources */ = {isa = PBXBuildFile; fileRef = 110037361D20F75D00200BCB /* client@2x.png */; };
		1100374C1D20F75D00200BCB /* client@3x.png in Resources */ = {isa = PBXBuildFile; fileRef = 110037371D20F75D00200BCB /* client@3x.png */; };
		1100374D1D20F75D00200BCB /* microphone2@2x.png in Resources */ = {isa = PBXBuildFile; fileRef = 110037381D20F75D00200BCB /* microphone2@2x.png */; };
		1100374E1D20F75D00200BCB /* microphone2@3x.png in Resources */ = {isa = PBXBuildFile; fileRef = 110037391D20F75D00200BCB /* microphone2@3x.png */; };
		1100374F1D20F75D00200BCB /* Oval@2x.png in Resources */ = {isa = PBXBuildFile; fileRef = 1100373A1D20F75D00200BCB /* Oval@2x.png */; };
		110037501D20F75D00200BCB /* Oval@3x.png in Resources */ = {isa = PBXBuildFile; fileRef = 1100373B1D20F75D00200BCB /* Oval@3x.png */; };
		110037511D20F75D00200BCB /* searchVoice@2x.png in Resources */ = {isa = PBXBuildFile; fileRef = 1100373C1D20F75D00200BCB /* searchVoice@2x.png */; };
		110037521D20F75D00200BCB /* searchVoice@3x.png in Resources */ = {isa = PBXBuildFile; fileRef = 1100373D1D20F75D00200BCB /* searchVoice@3x.png */; };
		110037531D20F75D00200BCB /* speck@2x.png in Resources */ = {isa = PBXBuildFile; fileRef = 1100373E1D20F75D00200BCB /* speck@2x.png */; };
		110037541D20F75D00200BCB /* speck@3x.png in Resources */ = {isa = PBXBuildFile; fileRef = 1100373F1D20F75D00200BCB /* speck@3x.png */; };
		110037571D20F8CD00200BCB /* CoreGraphics.framework in Frameworks */ = {isa = PBXBuildFile; fileRef = 110037561D20F8CD00200BCB /* CoreGraphics.framework */; };
		110037591D20F8D500200BCB /* QuartzCore.framework in Frameworks */ = {isa = PBXBuildFile; fileRef = 110037581D20F8D500200BCB /* QuartzCore.framework */; };
		1100375B1D20F8DF00200BCB /* SystemConfiguration.framework in Frameworks */ = {isa = PBXBuildFile; fileRef = 1100375A1D20F8DF00200BCB /* SystemConfiguration.framework */; };
		1100375D1D20F8EF00200BCB /* AudioToolbox.framework in Frameworks */ = {isa = PBXBuildFile; fileRef = 1100375C1D20F8EF00200BCB /* AudioToolbox.framework */; };
		1100375F1D20F8FF00200BCB /* AddressBook.framework in Frameworks */ = {isa = PBXBuildFile; fileRef = 1100375E1D20F8FF00200BCB /* AddressBook.framework */; };
		110037611D20F90800200BCB /* AVFoundation.framework in Frameworks */ = {isa = PBXBuildFile; fileRef = 110037601D20F90800200BCB /* AVFoundation.framework */; };
		110037631D20F91100200BCB /* CoreTelephony.framework in Frameworks */ = {isa = PBXBuildFile; fileRef = 110037621D20F91100200BCB /* CoreTelephony.framework */; };
		110037651D20F91F00200BCB /* CoreLocation.framework in Frameworks */ = {isa = PBXBuildFile; fileRef = 110037641D20F91F00200BCB /* CoreLocation.framework */; };
		1100376A1D20FB7D00200BCB /* UIButton+GCAlignment.m in Sources */ = {isa = PBXBuildFile; fileRef = 110037691D20FB7D00200BCB /* UIButton+GCAlignment.m */; };
		11A6BF7D1D2A303700155112 /* iflyMSC.framework in Frameworks */ = {isa = PBXBuildFile; fileRef = 11A6BF7C1D2A303700155112 /* iflyMSC.framework */; };
		11A6BF801D2A379D00155112 /* libz.tbd in Frameworks */ = {isa = PBXBuildFile; fileRef = 11A6BF7F1D2A379D00155112 /* libz.tbd */; };
		6D7B8EE3184F30E581EF5296 /* libPods-HJQVoiceDemo.a in Frameworks */ = {isa = PBXBuildFile; fileRef = DF2E3B726ACB330CB2AAF9D7 /* libPods-HJQVoiceDemo.a */; };
/* End PBXBuildFile section */

/* Begin PBXContainerItemProxy section */
		110036CD1D20F68500200BCB /* PBXContainerItemProxy */ = {
			isa = PBXContainerItemProxy;
			containerPortal = 110036AB1D20F68500200BCB /* Project object */;
			proxyType = 1;
			remoteGlobalIDString = 110036B21D20F68500200BCB;
			remoteInfo = HJQVoiceDemo;
		};
		110036D81D20F68500200BCB /* PBXContainerItemProxy */ = {
			isa = PBXContainerItemProxy;
			containerPortal = 110036AB1D20F68500200BCB /* Project object */;
			proxyType = 1;
			remoteGlobalIDString = 110036B21D20F68500200BCB;
			remoteInfo = HJQVoiceDemo;
		};
/* End PBXContainerItemProxy section */

/* Begin PBXFileReference section */
		110036B31D20F68500200BCB /* HJQVoiceDemo.app */ = {isa = PBXFileReference; explicitFileType = wrapper.application; includeInIndex = 0; path = HJQVoiceDemo.app; sourceTree = BUILT_PRODUCTS_DIR; };
		110036B71D20F68500200BCB /* main.m */ = {isa = PBXFileReference; lastKnownFileType = sourcecode.c.objc; path = main.m; sourceTree = "<group>"; };
		110036B91D20F68500200BCB /* AppDelegate.h */ = {isa = PBXFileReference; lastKnownFileType = sourcecode.c.h; path = AppDelegate.h; sourceTree = "<group>"; };
		110036BA1D20F68500200BCB /* AppDelegate.m */ = {isa = PBXFileReference; lastKnownFileType = sourcecode.c.objc; path = AppDelegate.m; sourceTree = "<group>"; };
		110036BC1D20F68500200BCB /* ViewController.h */ = {isa = PBXFileReference; lastKnownFileType = sourcecode.c.h; path = ViewController.h; sourceTree = "<group>"; };
		110036BD1D20F68500200BCB /* ViewController.m */ = {isa = PBXFileReference; lastKnownFileType = sourcecode.c.objc; path = ViewController.m; sourceTree = "<group>"; };
		110036C01D20F68500200BCB /* Base */ = {isa = PBXFileReference; lastKnownFileType = file.storyboard; name = Base; path = Base.lproj/Main.storyboard; sourceTree = "<group>"; };
		110036C21D20F68500200BCB /* Assets.xcassets */ = {isa = PBXFileReference; lastKnownFileType = folder.assetcatalog; path = Assets.xcassets; sourceTree = "<group>"; };
		110036C51D20F68500200BCB /* Base */ = {isa = PBXFileReference; lastKnownFileType = file.storyboard; name = Base; path = Base.lproj/LaunchScreen.storyboard; sourceTree = "<group>"; };
		110036C71D20F68500200BCB /* Info.plist */ = {isa = PBXFileReference; lastKnownFileType = text.plist.xml; path = Info.plist; sourceTree = "<group>"; };
		110036CC1D20F68500200BCB /* HJQVoiceDemoTests.xctest */ = {isa = PBXFileReference; explicitFileType = wrapper.cfbundle; includeInIndex = 0; path = HJQVoiceDemoTests.xctest; sourceTree = BUILT_PRODUCTS_DIR; };
		110036D01D20F68500200BCB /* HJQVoiceDemoTests.m */ = {isa = PBXFileReference; lastKnownFileType = sourcecode.c.objc; path = HJQVoiceDemoTests.m; sourceTree = "<group>"; };
		110036D21D20F68500200BCB /* Info.plist */ = {isa = PBXFileReference; lastKnownFileType = text.plist.xml; path = Info.plist; sourceTree = "<group>"; };
		110036D71D20F68500200BCB /* HJQVoiceDemoUITests.xctest */ = {isa = PBXFileReference; explicitFileType = wrapper.cfbundle; includeInIndex = 0; path = HJQVoiceDemoUITests.xctest; sourceTree = BUILT_PRODUCTS_DIR; };
		110036DB1D20F68500200BCB /* HJQVoiceDemoUITests.m */ = {isa = PBXFileReference; lastKnownFileType = sourcecode.c.objc; path = HJQVoiceDemoUITests.m; sourceTree = "<group>"; };
		110036DD1D20F68500200BCB /* Info.plist */ = {isa = PBXFileReference; lastKnownFileType = text.plist.xml; path = Info.plist; sourceTree = "<group>"; };
		110037201D20F75D00200BCB /* HJQInputAccessoryView.h */ = {isa = PBXFileReference; fileEncoding = 4; lastKnownFileType = sourcecode.c.h; path = HJQInputAccessoryView.h; sourceTree = "<group>"; };
		110037211D20F75D00200BCB /* HJQInputAccessoryView.m */ = {isa = PBXFileReference; fileEncoding = 4; lastKnownFileType = sourcecode.c.objc; path = HJQInputAccessoryView.m; sourceTree = "<group>"; };
		110037221D20F75D00200BCB /* HJQPulseView.h */ = {isa = PBXFileReference; fileEncoding = 4; lastKnownFileType = sourcecode.c.h; path = HJQPulseView.h; sourceTree = "<group>"; };
		110037231D20F75D00200BCB /* HJQPulseView.m */ = {isa = PBXFileReference; fileEncoding = 4; lastKnownFileType = sourcecode.c.objc; path = HJQPulseView.m; sourceTree = "<group>"; };
		110037251D20F75D00200BCB /* HToolVoice.h */ = {isa = PBXFileReference; fileEncoding = 4; lastKnownFileType = sourcecode.c.h; path = HToolVoice.h; sourceTree = "<group>"; };
		110037261D20F75D00200BCB /* HToolVoice.m */ = {isa = PBXFileReference; fileEncoding = 4; lastKnownFileType = sourcecode.c.objc; path = HToolVoice.m; sourceTree = "<group>"; };
		110037271D20F75D00200BCB /* IATConfig.h */ = {isa = PBXFileReference; fileEncoding = 4; lastKnownFileType = sourcecode.c.h; path = IATConfig.h; sourceTree = "<group>"; };
		110037281D20F75D00200BCB /* IATConfig.m */ = {isa = PBXFileReference; fileEncoding = 4; lastKnownFileType = sourcecode.c.objc; path = IATConfig.m; sourceTree = "<group>"; };
		110037291D20F75D00200BCB /* IATViewController.h */ = {isa = PBXFileReference; fileEncoding = 4; lastKnownFileType = sourcecode.c.h; path = IATViewController.h; sourceTree = "<group>"; };
		1100372A1D20F75D00200BCB /* IATViewController.m */ = {isa = PBXFileReference; fileEncoding = 4; lastKnownFileType = sourcecode.c.objc; path = IATViewController.m; sourceTree = "<group>"; };
		1100372B1D20F75D00200BCB /* IATViewController.xib */ = {isa = PBXFileReference; fileEncoding = 4; lastKnownFileType = file.xib; path = IATViewController.xib; sourceTree = "<group>"; };
		1100372C1D20F75D00200BCB /* ISRDataHelper.h */ = {isa = PBXFileReference; fileEncoding = 4; lastKnownFileType = sourcecode.c.h; path = ISRDataHelper.h; sourceTree = "<group>"; };
		1100372D1D20F75D00200BCB /* ISRDataHelper.m */ = {isa = PBXFileReference; fileEncoding = 4; lastKnownFileType = sourcecode.c.objc; path = ISRDataHelper.m; sourceTree = "<group>"; };
		110037311D20F75D00200BCB /* PopupView.h */ = {isa = PBXFileReference; fileEncoding = 4; lastKnownFileType = sourcecode.c.h; path = PopupView.h; sourceTree = "<group>"; };
		110037321D20F75D00200BCB /* PopupView.m */ = {isa = PBXFileReference; fileEncoding = 4; lastKnownFileType = sourcecode.c.objc; path = PopupView.m; sourceTree = "<group>"; };
		110037341D20F75D00200BCB /* cancleButton2x.png */ = {isa = PBXFileReference; lastKnownFileType = image.png; path = cancleButton2x.png; sourceTree = "<group>"; };
		110037351D20F75D00200BCB /* cancleButton@3x.png */ = {isa = PBXFileReference; lastKnownFileType = image.png; path = "cancleButton@3x.png"; sourceTree = "<group>"; };
		110037361D20F75D00200BCB /* client@2x.png */ = {isa = PBXFileReference; lastKnownFileType = image.png; path = "client@2x.png"; sourceTree = "<group>"; };
		110037371D20F75D00200BCB /* client@3x.png */ = {isa = PBXFileReference; lastKnownFileType = image.png; path = "client@3x.png"; sourceTree = "<group>"; };
		110037381D20F75D00200BCB /* microphone2@2x.png */ = {isa = PBXFileReference; lastKnownFileType = image.png; path = "microphone2@2x.png"; sourceTree = "<group>"; };
		110037391D20F75D00200BCB /* microphone2@3x.png */ = {isa = PBXFileReference; lastKnownFileType = image.png; path = "microphone2@3x.png"; sourceTree = "<group>"; };
		1100373A1D20F75D00200BCB /* Oval@2x.png */ = {isa = PBXFileReference; lastKnownFileType = image.png; path = "Oval@2x.png"; sourceTree = "<group>"; };
		1100373B1D20F75D00200BCB /* Oval@3x.png */ = {isa = PBXFileReference; lastKnownFileType = image.png; path = "Oval@3x.png"; sourceTree = "<group>"; };
		1100373C1D20F75D00200BCB /* searchVoice@2x.png */ = {isa = PBXFileReference; lastKnownFileType = image.png; path = "searchVoice@2x.png"; sourceTree = "<group>"; };
		1100373D1D20F75D00200BCB /* searchVoice@3x.png */ = {isa = PBXFileReference; lastKnownFileType = image.png; path = "searchVoice@3x.png"; sourceTree = "<group>"; };
		1100373E1D20F75D00200BCB /* speck@2x.png */ = {isa = PBXFileReference; lastKnownFileType = image.png; path = "speck@2x.png"; sourceTree = "<group>"; };
		1100373F1D20F75D00200BCB /* speck@3x.png */ = {isa = PBXFileReference; lastKnownFileType = image.png; path = "speck@3x.png"; sourceTree = "<group>"; };
		110037561D20F8CD00200BCB /* CoreGraphics.framework */ = {isa = PBXFileReference; lastKnownFileType = wrapper.framework; name = CoreGraphics.framework; path = System/Library/Frameworks/CoreGraphics.framework; sourceTree = SDKROOT; };
		110037581D20F8D500200BCB /* QuartzCore.framework */ = {isa = PBXFileReference; lastKnownFileType = wrapper.framework; name = QuartzCore.framework; path = System/Library/Frameworks/QuartzCore.framework; sourceTree = SDKROOT; };
		1100375A1D20F8DF00200BCB /* SystemConfiguration.framework */ = {isa = PBXFileReference; lastKnownFileType = wrapper.framework; name = SystemConfiguration.framework; path = System/Library/Frameworks/SystemConfiguration.framework; sourceTree = SDKROOT; };
		1100375C1D20F8EF00200BCB /* AudioToolbox.framework */ = {isa = PBXFileReference; lastKnownFileType = wrapper.framework; name = AudioToolbox.framework; path = System/Library/Frameworks/AudioToolbox.framework; sourceTree = SDKROOT; };
		1100375E1D20F8FF00200BCB /* AddressBook.framework */ = {isa = PBXFileReference; lastKnownFileType = wrapper.framework; name = AddressBook.framework; path = System/Library/Frameworks/AddressBook.framework; sourceTree = SDKROOT; };
		110037601D20F90800200BCB /* AVFoundation.framework */ = {isa = PBXFileReference; lastKnownFileType = wrapper.framework; name = AVFoundation.framework; path = System/Library/Frameworks/AVFoundation.framework; sourceTree = SDKROOT; };
		110037621D20F91100200BCB /* CoreTelephony.framework */ = {isa = PBXFileReference; lastKnownFileType = wrapper.framework; name = CoreTelephony.framework; path = System/Library/Frameworks/CoreTelephony.framework; sourceTree = SDKROOT; };
		110037641D20F91F00200BCB /* CoreLocation.framework */ = {isa = PBXFileReference; lastKnownFileType = wrapper.framework; name = CoreLocation.framework; path = System/Library/Frameworks/CoreLocation.framework; sourceTree = SDKROOT; };
		110037681D20FB7D00200BCB /* UIButton+GCAlignment.h */ = {isa = PBXFileReference; fileEncoding = 4; lastKnownFileType = sourcecode.c.h; path = "UIButton+GCAlignment.h"; sourceTree = "<group>"; };
		110037691D20FB7D00200BCB /* UIButton+GCAlignment.m */ = {isa = PBXFileReference; fileEncoding = 4; lastKnownFileType = sourcecode.c.objc; path = "UIButton+GCAlignment.m"; sourceTree = "<group>"; };
		11A6BF7C1D2A303700155112 /* iflyMSC.framework */ = {isa = PBXFileReference; lastKnownFileType = wrapper.framework; path = iflyMSC.framework; sourceTree = "<group>"; };
		11A6BF7F1D2A379D00155112 /* libz.tbd */ = {isa = PBXFileReference; lastKnownFileType = "sourcecode.text-based-dylib-definition"; name = libz.tbd; path = usr/lib/libz.tbd; sourceTree = SDKROOT; };
		13625A4C0E94F1A2CEEC7A02 /* Pods-HJQVoiceDemo.debug.xcconfig */ = {isa = PBXFileReference; includeInIndex = 1; lastKnownFileType = text.xcconfig; name = "Pods-HJQVoiceDemo.debug.xcconfig"; path = "Pods/Target Support Files/Pods-HJQVoiceDemo/Pods-HJQVoiceDemo.debug.xcconfig"; sourceTree = "<group>"; };
		7300816502A6D5E4E07951B1 /* Pods-HJQVoiceDemo.release.xcconfig */ = {isa = PBXFileReference; includeInIndex = 1; lastKnownFileType = text.xcconfig; name = "Pods-HJQVoiceDemo.release.xcconfig"; path = "Pods/Target Support Files/Pods-HJQVoiceDemo/Pods-HJQVoiceDemo.release.xcconfig"; sourceTree = "<group>"; };
		DF2E3B726ACB330CB2AAF9D7 /* libPods-HJQVoiceDemo.a */ = {isa = PBXFileReference; explicitFileType = archive.ar; includeInIndex = 0; path = "libPods-HJQVoiceDemo.a"; sourceTree = BUILT_PRODUCTS_DIR; };
/* End PBXFileReference section */

/* Begin PBXFrameworksBuildPhase section */
		110036B01D20F68500200BCB /* Frameworks */ = {
			isa = PBXFrameworksBuildPhase;
			buildActionMask = 2147483647;
			files = (
				11A6BF801D2A379D00155112 /* libz.tbd in Frameworks */,
				110037651D20F91F00200BCB /* CoreLocation.framework in Frameworks */,
				110037631D20F91100200BCB /* CoreTelephony.framework in Frameworks */,
				110037611D20F90800200BCB /* AVFoundation.framework in Frameworks */,
				1100375F1D20F8FF00200BCB /* AddressBook.framework in Frameworks */,
				1100375D1D20F8EF00200BCB /* AudioToolbox.framework in Frameworks */,
				1100375B1D20F8DF00200BCB /* SystemConfiguration.framework in Frameworks */,
				11A6BF7D1D2A303700155112 /* iflyMSC.framework in Frameworks */,
				110037591D20F8D500200BCB /* QuartzCore.framework in Frameworks */,
				110037571D20F8CD00200BCB /* CoreGraphics.framework in Frameworks */,
				6D7B8EE3184F30E581EF5296 /* libPods-HJQVoiceDemo.a in Frameworks */,
			);
			runOnlyForDeploymentPostprocessing = 0;
		};
		110036C91D20F68500200BCB /* Frameworks */ = {
			isa = PBXFrameworksBuildPhase;
			buildActionMask = 2147483647;
			files = (
			);
			runOnlyForDeploymentPostprocessing = 0;
		};
		110036D41D20F68500200BCB /* Frameworks */ = {
			isa = PBXFrameworksBuildPhase;
			buildActionMask = 2147483647;
			files = (
			);
			runOnlyForDeploymentPostprocessing = 0;
		};
/* End PBXFrameworksBuildPhase section */

/* Begin PBXGroup section */
		110036AA1D20F68500200BCB = {
			isa = PBXGroup;
			children = (
				1100371F1D20F75D00200BCB /* HJQVoice */,
				110036B51D20F68500200BCB /* HJQVoiceDemo */,
				110036CF1D20F68500200BCB /* HJQVoiceDemoTests */,
				110037551D20F8B200200BCB /* Frameworks */,
				110036DA1D20F68500200BCB /* HJQVoiceDemoUITests */,
				110036B41D20F68500200BCB /* Products */,
				DEA47D3E06051BA56A1F622C /* Pods */,
			);
			sourceTree = "<group>";
		};
		110036B41D20F68500200BCB /* Products */ = {
			isa = PBXGroup;
			children = (
				110036B31D20F68500200BCB /* HJQVoiceDemo.app */,
				110036CC1D20F68500200BCB /* HJQVoiceDemoTests.xctest */,
				110036D71D20F68500200BCB /* HJQVoiceDemoUITests.xctest */,
			);
			name = Products;
			sourceTree = "<group>";
		};
		110036B51D20F68500200BCB /* HJQVoiceDemo */ = {
			isa = PBXGroup;
			children = (
				110036B91D20F68500200BCB /* AppDelegate.h */,
				110036BA1D20F68500200BCB /* AppDelegate.m */,
				110036BC1D20F68500200BCB /* ViewController.h */,
				110036BD1D20F68500200BCB /* ViewController.m */,
				110036BF1D20F68500200BCB /* Main.storyboard */,
				110036C21D20F68500200BCB /* Assets.xcassets */,
				110036C41D20F68500200BCB /* LaunchScreen.storyboard */,
				110036C71D20F68500200BCB /* Info.plist */,
				110036B61D20F68500200BCB /* Supporting Files */,
			);
			path = HJQVoiceDemo;
			sourceTree = "<group>";
		};
		110036B61D20F68500200BCB /* Supporting Files */ = {
			isa = PBXGroup;
			children = (
				110036B71D20F68500200BCB /* main.m */,
			);
			name = "Supporting Files";
			sourceTree = "<group>";
		};
		110036CF1D20F68500200BCB /* HJQVoiceDemoTests */ = {
			isa = PBXGroup;
			children = (
				110036D01D20F68500200BCB /* HJQVoiceDemoTests.m */,
				110036D21D20F68500200BCB /* Info.plist */,
			);
			path = HJQVoiceDemoTests;
			sourceTree = "<group>";
		};
		110036DA1D20F68500200BCB /* HJQVoiceDemoUITests */ = {
			isa = PBXGroup;
			children = (
				110036DB1D20F68500200BCB /* HJQVoiceDemoUITests.m */,
				110036DD1D20F68500200BCB /* Info.plist */,
			);
			path = HJQVoiceDemoUITests;
			sourceTree = "<group>";
		};
		1100371F1D20F75D00200BCB /* HJQVoice */ = {
			isa = PBXGroup;
			children = (
				11A6BF7C1D2A303700155112 /* iflyMSC.framework */,
				110037201D20F75D00200BCB /* HJQInputAccessoryView.h */,
				110037211D20F75D00200BCB /* HJQInputAccessoryView.m */,
				110037221D20F75D00200BCB /* HJQPulseView.h */,
				110037231D20F75D00200BCB /* HJQPulseView.m */,
				110037241D20F75D00200BCB /* isr */,
				110037301D20F75D00200BCB /* tools */,
				110037331D20F75D00200BCB /* VoiceImages */,
			);
			path = HJQVoice;
			sourceTree = "<group>";
		};
		110037241D20F75D00200BCB /* isr */ = {
			isa = PBXGroup;
			children = (
				110037251D20F75D00200BCB /* HToolVoice.h */,
				110037261D20F75D00200BCB /* HToolVoice.m */,
				110037271D20F75D00200BCB /* IATConfig.h */,
				110037281D20F75D00200BCB /* IATConfig.m */,
				110037291D20F75D00200BCB /* IATViewController.h */,
				1100372A1D20F75D00200BCB /* IATViewController.m */,
				1100372B1D20F75D00200BCB /* IATViewController.xib */,
				1100372C1D20F75D00200BCB /* ISRDataHelper.h */,
				1100372D1D20F75D00200BCB /* ISRDataHelper.m */,
			);
			path = isr;
			sourceTree = "<group>";
		};
		110037301D20F75D00200BCB /* tools */ = {
			isa = PBXGroup;
			children = (
				110037681D20FB7D00200BCB /* UIButton+GCAlignment.h */,
				110037691D20FB7D00200BCB /* UIButton+GCAlignment.m */,
				110037311D20F75D00200BCB /* PopupView.h */,
				110037321D20F75D00200BCB /* PopupView.m */,
			);
			path = tools;
			sourceTree = "<group>";
		};
		110037331D20F75D00200BCB /* VoiceImages */ = {
			isa = PBXGroup;
			children = (
				110037341D20F75D00200BCB /* cancleButton2x.png */,
				110037351D20F75D00200BCB /* cancleButton@3x.png */,
				110037361D20F75D00200BCB /* client@2x.png */,
				110037371D20F75D00200BCB /* client@3x.png */,
				110037381D20F75D00200BCB /* microphone2@2x.png */,
				110037391D20F75D00200BCB /* microphone2@3x.png */,
				1100373A1D20F75D00200BCB /* Oval@2x.png */,
				1100373B1D20F75D00200BCB /* Oval@3x.png */,
				1100373C1D20F75D00200BCB /* searchVoice@2x.png */,
				1100373D1D20F75D00200BCB /* searchVoice@3x.png */,
				1100373E1D20F75D00200BCB /* speck@2x.png */,
				1100373F1D20F75D00200BCB /* speck@3x.png */,
			);
			path = VoiceImages;
			sourceTree = "<group>";
		};
		110037551D20F8B200200BCB /* Frameworks */ = {
			isa = PBXGroup;
			children = (
				11A6BF7F1D2A379D00155112 /* libz.tbd */,
				110037641D20F91F00200BCB /* CoreLocation.framework */,
				110037621D20F91100200BCB /* CoreTelephony.framework */,
				110037601D20F90800200BCB /* AVFoundation.framework */,
				1100375E1D20F8FF00200BCB /* AddressBook.framework */,
				1100375C1D20F8EF00200BCB /* AudioToolbox.framework */,
				1100375A1D20F8DF00200BCB /* SystemConfiguration.framework */,
				110037581D20F8D500200BCB /* QuartzCore.framework */,
				110037561D20F8CD00200BCB /* CoreGraphics.framework */,
				DF2E3B726ACB330CB2AAF9D7 /* libPods-HJQVoiceDemo.a */,
			);
			path = Frameworks;
			sourceTree = "<group>";
		};
		DEA47D3E06051BA56A1F622C /* Pods */ = {
			isa = PBXGroup;
			children = (
				13625A4C0E94F1A2CEEC7A02 /* Pods-HJQVoiceDemo.debug.xcconfig */,
				7300816502A6D5E4E07951B1 /* Pods-HJQVoiceDemo.release.xcconfig */,
			);
			name = Pods;
			sourceTree = "<group>";
		};
/* End PBXGroup section */

/* Begin PBXNativeTarget section */
		110036B21D20F68500200BCB /* HJQVoiceDemo */ = {
			isa = PBXNativeTarget;
			buildConfigurationList = 110036E01D20F68500200BCB /* Build configuration list for PBXNativeTarget "HJQVoiceDemo" */;
			buildPhases = (
				A6DE5393D7037F4454ECA55A /* [CP] Check Pods Manifest.lock */,
				110036AF1D20F68500200BCB /* Sources */,
				110036B01D20F68500200BCB /* Frameworks */,
				110036B11D20F68500200BCB /* Resources */,
				470C29304514E62669CE390B /* [CP] Embed Pods Frameworks */,
				BCD2977A7EADF515C728CEC7 /* [CP] Copy Pods Resources */,
			);
			buildRules = (
			);
			dependencies = (
			);
			name = HJQVoiceDemo;
			productName = HJQVoiceDemo;
			productReference = 110036B31D20F68500200BCB /* HJQVoiceDemo.app */;
			productType = "com.apple.product-type.application";
		};
		110036CB1D20F68500200BCB /* HJQVoiceDemoTests */ = {
			isa = PBXNativeTarget;
			buildConfigurationList = 110036E31D20F68500200BCB /* Build configuration list for PBXNativeTarget "HJQVoiceDemoTests" */;
			buildPhases = (
				110036C81D20F68500200BCB /* Sources */,
				110036C91D20F68500200BCB /* Frameworks */,
				110036CA1D20F68500200BCB /* Resources */,
			);
			buildRules = (
			);
			dependencies = (
				110036CE1D20F68500200BCB /* PBXTargetDependency */,
			);
			name = HJQVoiceDemoTests;
			productName = HJQVoiceDemoTests;
			productReference = 110036CC1D20F68500200BCB /* HJQVoiceDemoTests.xctest */;
			productType = "com.apple.product-type.bundle.unit-test";
		};
		110036D61D20F68500200BCB /* HJQVoiceDemoUITests */ = {
			isa = PBXNativeTarget;
			buildConfigurationList = 110036E61D20F68500200BCB /* Build configuration list for PBXNativeTarget "HJQVoiceDemoUITests" */;
			buildPhases = (
				110036D31D20F68500200BCB /* Sources */,
				110036D41D20F68500200BCB /* Frameworks */,
				110036D51D20F68500200BCB /* Resources */,
			);
			buildRules = (
			);
			dependencies = (
				110036D91D20F68500200BCB /* PBXTargetDependency */,
			);
			name = HJQVoiceDemoUITests;
			productName = HJQVoiceDemoUITests;
			productReference = 110036D71D20F68500200BCB /* HJQVoiceDemoUITests.xctest */;
			productType = "com.apple.product-type.bundle.ui-testing";
		};
/* End PBXNativeTarget section */

/* Begin PBXProject section */
		110036AB1D20F68500200BCB /* Project object */ = {
			isa = PBXProject;
			attributes = {
				LastUpgradeCheck = 0730;
				ORGANIZATIONNAME = HaRi;
				TargetAttributes = {
					110036B21D20F68500200BCB = {
						CreatedOnToolsVersion = 7.3.1;
					};
					110036CB1D20F68500200BCB = {
						CreatedOnToolsVersion = 7.3.1;
						TestTargetID = 110036B21D20F68500200BCB;
					};
					110036D61D20F68500200BCB = {
						CreatedOnToolsVersion = 7.3.1;
						TestTargetID = 110036B21D20F68500200BCB;
					};
				};
			};
			buildConfigurationList = 110036AE1D20F68500200BCB /* Build configuration list for PBXProject "HJQVoiceDemo" */;
			compatibilityVersion = "Xcode 3.2";
			developmentRegion = English;
			hasScannedForEncodings = 0;
			knownRegions = (
				en,
				Base,
			);
			mainGroup = 110036AA1D20F68500200BCB;
			productRefGroup = 110036B41D20F68500200BCB /* Products */;
			projectDirPath = "";
			projectRoot = "";
			targets = (
				110036B21D20F68500200BCB /* HJQVoiceDemo */,
				110036CB1D20F68500200BCB /* HJQVoiceDemoTests */,
				110036D61D20F68500200BCB /* HJQVoiceDemoUITests */,
			);
		};
/* End PBXProject section */

/* Begin PBXResourcesBuildPhase section */
		110036B11D20F68500200BCB /* Resources */ = {
			isa = PBXResourcesBuildPhase;
			buildActionMask = 2147483647;
			files = (
				110037451D20F75D00200BCB /* IATViewController.xib in Resources */,
				110037511D20F75D00200BCB /* searchVoice@2x.png in Resources */,
				1100374B1D20F75D00200BCB /* client@2x.png in Resources */,
				110037541D20F75D00200BCB /* speck@3x.png in Resources */,
				1100374A1D20F75D00200BCB /* cancleButton@3x.png in Resources */,
				1100374E1D20F75D00200BCB /* microphone2@3x.png in Resources */,
				110036C61D20F68500200BCB /* LaunchScreen.storyboard in Resources */,
				110037531D20F75D00200BCB /* speck@2x.png in Resources */,
				1100374F1D20F75D00200BCB /* Oval@2x.png in Resources */,
				110037501D20F75D00200BCB /* Oval@3x.png in Resources */,
				110036C31D20F68500200BCB /* Assets.xcassets in Resources */,
				110037521D20F75D00200BCB /* searchVoice@3x.png in Resources */,
				110037491D20F75D00200BCB /* cancleButton2x.png in Resources */,
				1100374D1D20F75D00200BCB /* microphone2@2x.png in Resources */,
				110036C11D20F68500200BCB /* Main.storyboard in Resources */,
				1100374C1D20F75D00200BCB /* client@3x.png in Resources */,
			);
			runOnlyForDeploymentPostprocessing = 0;
		};
		110036CA1D20F68500200BCB /* Resources */ = {
			isa = PBXResourcesBuildPhase;
			buildActionMask = 2147483647;
			files = (
			);
			runOnlyForDeploymentPostprocessing = 0;
		};
		110036D51D20F68500200BCB /* Resources */ = {
			isa = PBXResourcesBuildPhase;
			buildActionMask = 2147483647;
			files = (
			);
			runOnlyForDeploymentPostprocessing = 0;
		};
/* End PBXResourcesBuildPhase section */

/* Begin PBXShellScriptBuildPhase section */
		470C29304514E62669CE390B /* [CP] Embed Pods Frameworks */ = {
			isa = PBXShellScriptBuildPhase;
			buildActionMask = 2147483647;
			files = (
			);
			inputPaths = (
			);
			name = "[CP] Embed Pods Frameworks";
			outputPaths = (
			);
			runOnlyForDeploymentPostprocessing = 0;
			shellPath = /bin/sh;
			shellScript = "\"${SRCROOT}/Pods/Target Support Files/Pods-HJQVoiceDemo/Pods-HJQVoiceDemo-frameworks.sh\"\n";
			showEnvVarsInLog = 0;
		};
		A6DE5393D7037F4454ECA55A /* [CP] Check Pods Manifest.lock */ = {
			isa = PBXShellScriptBuildPhase;
			buildActionMask = 2147483647;
			files = (
			);
			inputPaths = (
			);
			name = "[CP] Check Pods Manifest.lock";
			outputPaths = (
			);
			runOnlyForDeploymentPostprocessing = 0;
			shellPath = /bin/sh;
			shellScript = "diff \"${PODS_ROOT}/../Podfile.lock\" \"${PODS_ROOT}/Manifest.lock\" > /dev/null\nif [[ $? != 0 ]] ; then\n    cat << EOM\nerror: The sandbox is not in sync with the Podfile.lock. Run 'pod install' or update your CocoaPods installation.\nEOM\n    exit 1\nfi\n";
			showEnvVarsInLog = 0;
		};
		BCD2977A7EADF515C728CEC7 /* [CP] Copy Pods Resources */ = {
			isa = PBXShellScriptBuildPhase;
			buildActionMask = 2147483647;
			files = (
			);
			inputPaths = (
			);
			name = "[CP] Copy Pods Resources";
			outputPaths = (
			);
			runOnlyForDeploymentPostprocessing = 0;
			shellPath = /bin/sh;
			shellScript = "\"${SRCROOT}/Pods/Target Support Files/Pods-HJQVoiceDemo/Pods-HJQVoiceDemo-resources.sh\"\n";
			showEnvVarsInLog = 0;
		};
/* End PBXShellScriptBuildPhase section */

/* Begin PBXSourcesBuildPhase section */
		110036AF1D20F68500200BCB /* Sources */ = {
			isa = PBXSourcesBuildPhase;
			buildActionMask = 2147483647;
			files = (
				1100376A1D20FB7D00200BCB /* UIButton+GCAlignment.m in Sources */,
				110037431D20F75D00200BCB /* IATConfig.m in Sources */,
				110037461D20F75D00200BCB /* ISRDataHelper.m in Sources */,
				110037421D20F75D00200BCB /* HToolVoice.m in Sources */,
				110037411D20F75D00200BCB /* HJQPulseView.m in Sources */,
				110036BE1D20F68500200BCB /* ViewController.m in Sources */,
				110036BB1D20F68500200BCB /* AppDelegate.m in Sources */,
				110036B81D20F68500200BCB /* main.m in Sources */,
				110037401D20F75D00200BCB /* HJQInputAccessoryView.m in Sources */,
				110037481D20F75D00200BCB /* PopupView.m in Sources */,
				110037441D20F75D00200BCB /* IATViewController.m in Sources */,
			);
			runOnlyForDeploymentPostprocessing = 0;
		};
		110036C81D20F68500200BCB /* Sources */ = {
			isa = PBXSourcesBuildPhase;
			buildActionMask = 2147483647;
			files = (
				110036D11D20F68500200BCB /* HJQVoiceDemoTests.m in Sources */,
			);
			runOnlyForDeploymentPostprocessing = 0;
		};
		110036D31D20F68500200BCB /* Sources */ = {
			isa = PBXSourcesBuildPhase;
			buildActionMask = 2147483647;
			files = (
				110036DC1D20F68500200BCB /* HJQVoiceDemoUITests.m in Sources */,
			);
			runOnlyForDeploymentPostprocessing = 0;
		};
/* End PBXSourcesBuildPhase section */

/* Begin PBXTargetDependency section */
		110036CE1D20F68500200BCB /* PBXTargetDependency */ = {
			isa = PBXTargetDependency;
			target = 110036B21D20F68500200BCB /* HJQVoiceDemo */;
			targetProxy = 110036CD1D20F68500200BCB /* PBXContainerItemProxy */;
		};
		110036D91D20F68500200BCB /* PBXTargetDependency */ = {
			isa = PBXTargetDependency;
			target = 110036B21D20F68500200BCB /* HJQVoiceDemo */;
			targetProxy = 110036D81D20F68500200BCB /* PBXContainerItemProxy */;
		};
/* End PBXTargetDependency section */

/* Begin PBXVariantGroup section */
		110036BF1D20F68500200BCB /* Main.storyboard */ = {
			isa = PBXVariantGroup;
			children = (
				110036C01D20F68500200BCB /* Base */,
			);
			name = Main.storyboard;
			sourceTree = "<group>";
		};
		110036C41D20F68500200BCB /* LaunchScreen.storyboard */ = {
			isa = PBXVariantGroup;
			children = (
				110036C51D20F68500200BCB /* Base */,
			);
			name = LaunchScreen.storyboard;
			sourceTree = "<group>";
		};
/* End PBXVariantGroup section */

/* Begin XCBuildConfiguration section */
		110036DE1D20F68500200BCB /* Debug */ = {
			isa = XCBuildConfiguration;
			buildSettings = {
				ALWAYS_SEARCH_USER_PATHS = NO;
				CLANG_ANALYZER_NONNULL = YES;
				CLANG_CXX_LANGUAGE_STANDARD = "gnu++0x";
				CLANG_CXX_LIBRARY = "libc++";
				CLANG_ENABLE_MODULES = YES;
				CLANG_ENABLE_OBJC_ARC = YES;
				CLANG_WARN_BOOL_CONVERSION = YES;
				CLANG_WARN_CONSTANT_CONVERSION = YES;
				CLANG_WARN_DIRECT_OBJC_ISA_USAGE = YES_ERROR;
				CLANG_WARN_EMPTY_BODY = YES;
				CLANG_WARN_ENUM_CONVERSION = YES;
				CLANG_WARN_INT_CONVERSION = YES;
				CLANG_WARN_OBJC_ROOT_CLASS = YES_ERROR;
				CLANG_WARN_UNREACHABLE_CODE = YES;
				CLANG_WARN__DUPLICATE_METHOD_MATCH = YES;
				"CODE_SIGN_IDENTITY[sdk=iphoneos*]" = "iPhone Developer";
				COPY_PHASE_STRIP = NO;
				DEBUG_INFORMATION_FORMAT = dwarf;
				ENABLE_STRICT_OBJC_MSGSEND = YES;
				ENABLE_TESTABILITY = YES;
				GCC_C_LANGUAGE_STANDARD = gnu99;
				GCC_DYNAMIC_NO_PIC = NO;
				GCC_NO_COMMON_BLOCKS = YES;
				GCC_OPTIMIZATION_LEVEL = 0;
				GCC_PREPROCESSOR_DEFINITIONS = (
					"DEBUG=1",
					"$(inherited)",
				);
				GCC_WARN_64_TO_32_BIT_CONVERSION = YES;
				GCC_WARN_ABOUT_RETURN_TYPE = YES_ERROR;
				GCC_WARN_UNDECLARED_SELECTOR = YES;
				GCC_WARN_UNINITIALIZED_AUTOS = YES_AGGRESSIVE;
				GCC_WARN_UNUSED_FUNCTION = YES;
				GCC_WARN_UNUSED_VARIABLE = YES;
				IPHONEOS_DEPLOYMENT_TARGET = 9.3;
				MTL_ENABLE_DEBUG_INFO = YES;
				ONLY_ACTIVE_ARCH = YES;
				SDKROOT = iphoneos;
				TARGETED_DEVICE_FAMILY = "1,2";
			};
			name = Debug;
		};
		110036DF1D20F68500200BCB /* Release */ = {
			isa = XCBuildConfiguration;
			buildSettings = {
				ALWAYS_SEARCH_USER_PATHS = NO;
				CLANG_ANALYZER_NONNULL = YES;
				CLANG_CXX_LANGUAGE_STANDARD = "gnu++0x";
				CLANG_CXX_LIBRARY = "libc++";
				CLANG_ENABLE_MODULES = YES;
				CLANG_ENABLE_OBJC_ARC = YES;
				CLANG_WARN_BOOL_CONVERSION = YES;
				CLANG_WARN_CONSTANT_CONVERSION = YES;
				CLANG_WARN_DIRECT_OBJC_ISA_USAGE = YES_ERROR;
				CLANG_WARN_EMPTY_BODY = YES;
				CLANG_WARN_ENUM_CONVERSION = YES;
				CLANG_WARN_INT_CONVERSION = YES;
				CLANG_WARN_OBJC_ROOT_CLASS = YES_ERROR;
				CLANG_WARN_UNREACHABLE_CODE = YES;
				CLANG_WARN__DUPLICATE_METHOD_MATCH = YES;
				"CODE_SIGN_IDENTITY[sdk=iphoneos*]" = "iPhone Developer";
				COPY_PHASE_STRIP = NO;
				DEBUG_INFORMATION_FORMAT = "dwarf-with-dsym";
				ENABLE_NS_ASSERTIONS = NO;
				ENABLE_STRICT_OBJC_MSGSEND = YES;
				GCC_C_LANGUAGE_STANDARD = gnu99;
				GCC_NO_COMMON_BLOCKS = YES;
				GCC_WARN_64_TO_32_BIT_CONVERSION = YES;
				GCC_WARN_ABOUT_RETURN_TYPE = YES_ERROR;
				GCC_WARN_UNDECLARED_SELECTOR = YES;
				GCC_WARN_UNINITIALIZED_AUTOS = YES_AGGRESSIVE;
				GCC_WARN_UNUSED_FUNCTION = YES;
				GCC_WARN_UNUSED_VARIABLE = YES;
				IPHONEOS_DEPLOYMENT_TARGET = 9.3;
				MTL_ENABLE_DEBUG_INFO = NO;
				SDKROOT = iphoneos;
				TARGETED_DEVICE_FAMILY = "1,2";
				VALIDATE_PRODUCT = YES;
			};
			name = Release;
		};
		110036E11D20F68500200BCB /* Debug */ = {
			isa = XCBuildConfiguration;
			baseConfigurationReference = 13625A4C0E94F1A2CEEC7A02 /* Pods-HJQVoiceDemo.debug.xcconfig */;
			buildSettings = {
				ASSETCATALOG_COMPILER_APPICON_NAME = AppIcon;
				ENABLE_BITCODE = NO;
				FRAMEWORK_SEARCH_PATHS = (
					"$(inherited)",
					"$(PROJECT_DIR)/HJQVoice",
				);
				GCC_PREFIX_HEADER = "";
				INFOPLIST_FILE = HJQVoiceDemo/Info.plist;
				IPHONEOS_DEPLOYMENT_TARGET = 7.0;
				LD_RUNPATH_SEARCH_PATHS = "$(inherited) @executable_path/Frameworks";
				PRODUCT_BUNDLE_IDENTIFIER = "------------.HJQVoiceDemo";
				PRODUCT_NAME = "$(TARGET_NAME)";
			};
			name = Debug;
		};
		110036E21D20F68500200BCB /* Release */ = {
			isa = XCBuildConfiguration;
			baseConfigurationReference = 7300816502A6D5E4E07951B1 /* Pods-HJQVoiceDemo.release.xcconfig */;
			buildSettings = {
				ASSETCATALOG_COMPILER_APPICON_NAME = AppIcon;
				ENABLE_BITCODE = NO;
				FRAMEWORK_SEARCH_PATHS = (
					"$(inherited)",
					"$(PROJECT_DIR)/HJQVoice",
				);
				GCC_PREFIX_HEADER = "";
				INFOPLIST_FILE = HJQVoiceDemo/Info.plist;
				IPHONEOS_DEPLOYMENT_TARGET = 7.0;
				LD_RUNPATH_SEARCH_PATHS = "$(inherited) @executable_path/Frameworks";
				PRODUCT_BUNDLE_IDENTIFIER = "------------.HJQVoiceDemo";
				PRODUCT_NAME = "$(TARGET_NAME)";
			};
			name = Release;
		};
		110036E41D20F68500200BCB /* Debug */ = {
			isa = XCBuildConfiguration;
			buildSettings = {
				BUNDLE_LOADER = "$(TEST_HOST)";
				INFOPLIST_FILE = HJQVoiceDemoTests/Info.plist;
				LD_RUNPATH_SEARCH_PATHS = "$(inherited) @executable_path/Frameworks @loader_path/Frameworks";
				PRODUCT_BUNDLE_IDENTIFIER = "------------.HJQVoiceDemoTests";
				PRODUCT_NAME = "$(TARGET_NAME)";
				TEST_HOST = "$(BUILT_PRODUCTS_DIR)/HJQVoiceDemo.app/HJQVoiceDemo";
			};
			name = Debug;
		};
		110036E51D20F68500200BCB /* Release */ = {
			isa = XCBuildConfiguration;
			buildSettings = {
				BUNDLE_LOADER = "$(TEST_HOST)";
				INFOPLIST_FILE = HJQVoiceDemoTests/Info.plist;
				LD_RUNPATH_SEARCH_PATHS = "$(inherited) @executable_path/Frameworks @loader_path/Frameworks";
				PRODUCT_BUNDLE_IDENTIFIER = "------------.HJQVoiceDemoTests";
				PRODUCT_NAME = "$(TARGET_NAME)";
				TEST_HOST = "$(BUILT_PRODUCTS_DIR)/HJQVoiceDemo.app/HJQVoiceDemo";
			};
			name = Release;
		};
		110036E71D20F68500200BCB /* Debug */ = {
			isa = XCBuildConfiguration;
			buildSettings = {
				INFOPLIST_FILE = HJQVoiceDemoUITests/Info.plist;
				LD_RUNPATH_SEARCH_PATHS = "$(inherited) @executable_path/Frameworks @loader_path/Frameworks";
				PRODUCT_BUNDLE_IDENTIFIER = "------------.HJQVoiceDemoUITests";
				PRODUCT_NAME = "$(TARGET_NAME)";
				TEST_TARGET_NAME = HJQVoiceDemo;
			};
			name = Debug;
		};
		110036E81D20F68500200BCB /* Release */ = {
			isa = XCBuildConfiguration;
			buildSettings = {
				INFOPLIST_FILE = HJQVoiceDemoUITests/Info.plist;
				LD_RUNPATH_SEARCH_PATHS = "$(inherited) @executable_path/Frameworks @loader_path/Frameworks";
				PRODUCT_BUNDLE_IDENTIFIER = "------------.HJQVoiceDemoUITests";
				PRODUCT_NAME = "$(TARGET_NAME)";
				TEST_TARGET_NAME = HJQVoiceDemo;
			};
			name = Release;
		};
/* End XCBuildConfiguration section */

/* Begin XCConfigurationList section */
		110036AE1D20F68500200BCB /* Build configuration list for PBXProject "HJQVoiceDemo" */ = {
			isa = XCConfigurationList;
			buildConfigurations = (
				110036DE1D20F68500200BCB /* Debug */,
				110036DF1D20F68500200BCB /* Release */,
			);
			defaultConfigurationIsVisible = 0;
			defaultConfigurationName = Release;
		};
		110036E01D20F68500200BCB /* Build configuration list for PBXNativeTarget "HJQVoiceDemo" */ = {
			isa = XCConfigurationList;
			buildConfigurations = (
				110036E11D20F68500200BCB /* Debug */,
				110036E21D20F68500200BCB /* Release */,
			);
			defaultConfigurationIsVisible = 0;
			defaultConfigurationName = Release;
		};
		110036E31D20F68500200BCB /* Build configuration list for PBXNativeTarget "HJQVoiceDemoTests" */ = {
			isa = XCConfigurationList;
			buildConfigurations = (
				110036E41D20F68500200BCB /* Debug */,
				110036E51D20F68500200BCB /* Release */,
			);
			defaultConfigurationIsVisible = 0;
			defaultConfigurationName = Release;
		};
		110036E61D20F68500200BCB /* Build configuration list for PBXNativeTarget "HJQVoiceDemoUITests" */ = {
			isa = XCConfigurationList;
			buildConfigurations = (
				110036E71D20F68500200BCB /* Debug */,
				110036E81D20F68500200BCB /* Release */,
			);
			defaultConfigurationIsVisible = 0;
			defaultConfigurationName = Release;
		};
/* End XCConfigurationList section */
	};
	rootObject = 110036AB1D20F68500200BCB /* Project object */;
}
